// !$*UTF8*$!
{
	archiveVersion = 1;
	classes = {
	};
	objectVersion = 46;
	objects = {

/* Begin PBXBuildFile section */
		23C853E91C3EAC5800E9332F /* SwiftViewController.swift in Sources */ = {isa = PBXBuildFile; fileRef = 23C853E81C3EAC5800E9332F /* SwiftViewController.swift */; };
		23EEC7B01BFE0FBA003ECA85 /* main.m in Sources */ = {isa = PBXBuildFile; fileRef = 23EEC7AF1BFE0FBA003ECA85 /* main.m */; };
		23EEC7B31BFE0FBA003ECA85 /* AppDelegate.m in Sources */ = {isa = PBXBuildFile; fileRef = 23EEC7B21BFE0FBA003ECA85 /* AppDelegate.m */; };
		23EEC7B61BFE0FBA003ECA85 /* ViewController.m in Sources */ = {isa = PBXBuildFile; fileRef = 23EEC7B51BFE0FBA003ECA85 /* ViewController.m */; };
		23EEC7B91BFE0FBA003ECA85 /* Main.storyboard in Resources */ = {isa = PBXBuildFile; fileRef = 23EEC7B71BFE0FBA003ECA85 /* Main.storyboard */; };
		23EEC7BB1BFE0FBA003ECA85 /* Assets.xcassets in Resources */ = {isa = PBXBuildFile; fileRef = 23EEC7BA1BFE0FBA003ECA85 /* Assets.xcassets */; };
		23EEC7BE1BFE0FBA003ECA85 /* LaunchScreen.storyboard in Resources */ = {isa = PBXBuildFile; fileRef = 23EEC7BC1BFE0FBA003ECA85 /* LaunchScreen.storyboard */; };
		23EEC7C91BFE0FBA003ECA85 /* iOSTrainingTests.m in Sources */ = {isa = PBXBuildFile; fileRef = 23EEC7C81BFE0FBA003ECA85 /* iOSTrainingTests.m */; };
		23EEC7D41BFE0FBA003ECA85 /* iOSTrainingUITests.m in Sources */ = {isa = PBXBuildFile; fileRef = 23EEC7D31BFE0FBA003ECA85 /* iOSTrainingUITests.m */; };
/* End PBXBuildFile section */

/* Begin PBXContainerItemProxy section */
		23EEC7C51BFE0FBA003ECA85 /* PBXContainerItemProxy */ = {
			isa = PBXContainerItemProxy;
			containerPortal = 23EEC7A31BFE0FBA003ECA85 /* Project object */;
			proxyType = 1;
			remoteGlobalIDString = 23EEC7AA1BFE0FBA003ECA85;
			remoteInfo = iOSTraining;
		};
		23EEC7D01BFE0FBA003ECA85 /* PBXContainerItemProxy */ = {
			isa = PBXContainerItemProxy;
			containerPortal = 23EEC7A31BFE0FBA003ECA85 /* Project object */;
			proxyType = 1;
			remoteGlobalIDString = 23EEC7AA1BFE0FBA003ECA85;
			remoteInfo = iOSTraining;
		};
/* End PBXContainerItemProxy section */

/* Begin PBXFileReference section */
		23C853E71C3EAC5800E9332F /* iOSTraining-Bridging-Header.h */ = {isa = PBXFileReference; lastKnownFileType = sourcecode.c.h; path = "iOSTraining-Bridging-Header.h"; sourceTree = "<group>"; };
		23C853E81C3EAC5800E9332F /* SwiftViewController.swift */ = {isa = PBXFileReference; fileEncoding = 4; lastKnownFileType = sourcecode.swift; path = SwiftViewController.swift; sourceTree = "<group>"; };
		23EEC7AB1BFE0FBA003ECA85 /* iOSTraining.app */ = {isa = PBXFileReference; explicitFileType = wrapper.application; includeInIndex = 0; path = iOSTraining.app; sourceTree = BUILT_PRODUCTS_DIR; };
		23EEC7AF1BFE0FBA003ECA85 /* main.m */ = {isa = PBXFileReference; lastKnownFileType = sourcecode.c.objc; path = main.m; sourceTree = "<group>"; };
		23EEC7B11BFE0FBA003ECA85 /* AppDelegate.h */ = {isa = PBXFileReference; lastKnownFileType = sourcecode.c.h; path = AppDelegate.h; sourceTree = "<group>"; };
		23EEC7B21BFE0FBA003ECA85 /* AppDelegate.m */ = {isa = PBXFileReference; lastKnownFileType = sourcecode.c.objc; path = AppDelegate.m; sourceTree = "<group>"; };
		23EEC7B41BFE0FBA003ECA85 /* ViewController.h */ = {isa = PBXFileReference; lastKnownFileType = sourcecode.c.h; path = ViewController.h; sourceTree = "<group>"; };
		23EEC7B51BFE0FBA003ECA85 /* ViewController.m */ = {isa = PBXFileReference; lastKnownFileType = sourcecode.c.objc; path = ViewController.m; sourceTree = "<group>"; };
		23EEC7B81BFE0FBA003ECA85 /* Base */ = {isa = PBXFileReference; lastKnownFileType = file.storyboard; name = Base; path = Base.lproj/Main.storyboard; sourceTree = "<group>"; };
		23EEC7BA1BFE0FBA003ECA85 /* Assets.xcassets */ = {isa = PBXFileReference; lastKnownFileType = folder.assetcatalog; path = Assets.xcassets; sourceTree = "<group>"; };
		23EEC7BD1BFE0FBA003ECA85 /* Base */ = {isa = PBXFileReference; lastKnownFileType = file.storyboard; name = Base; path = Base.lproj/LaunchScreen.storyboard; sourceTree = "<group>"; };
		23EEC7BF1BFE0FBA003ECA85 /* Info.plist */ = {isa = PBXFileReference; lastKnownFileType = text.plist.xml; path = Info.plist; sourceTree = "<group>"; };
		23EEC7C41BFE0FBA003ECA85 /* iOSTrainingTests.xctest */ = {isa = PBXFileReference; explicitFileType = wrapper.cfbundle; includeInIndex = 0; path = iOSTrainingTests.xctest; sourceTree = BUILT_PRODUCTS_DIR; };
		23EEC7C81BFE0FBA003ECA85 /* iOSTrainingTests.m */ = {isa = PBXFileReference; lastKnownFileType = sourcecode.c.objc; path = iOSTrainingTests.m; sourceTree = "<group>"; };
		23EEC7CA1BFE0FBA003ECA85 /* Info.plist */ = {isa = PBXFileReference; lastKnownFileType = text.plist.xml; path = Info.plist; sourceTree = "<group>"; };
		23EEC7CF1BFE0FBA003ECA85 /* iOSTrainingUITests.xctest */ = {isa = PBXFileReference; explicitFileType = wrapper.cfbundle; includeInIndex = 0; path = iOSTrainingUITests.xctest; sourceTree = BUILT_PRODUCTS_DIR; };
		23EEC7D31BFE0FBA003ECA85 /* iOSTrainingUITests.m */ = {isa = PBXFileReference; lastKnownFileType = sourcecode.c.objc; path = iOSTrainingUITests.m; sourceTree = "<group>"; };
		23EEC7D51BFE0FBA003ECA85 /* Info.plist */ = {isa = PBXFileReference; lastKnownFileType = text.plist.xml; path = Info.plist; sourceTree = "<group>"; };
/* End PBXFileReference section */

/* Begin PBXFrameworksBuildPhase section */
		23EEC7A81BFE0FBA003ECA85 /* Frameworks */ = {
			isa = PBXFrameworksBuildPhase;
			buildActionMask = 2147483647;
			files = (
			);
			runOnlyForDeploymentPostprocessing = 0;
		};
		23EEC7C11BFE0FBA003ECA85 /* Frameworks */ = {
			isa = PBXFrameworksBuildPhase;
			buildActionMask = 2147483647;
			files = (
			);
			runOnlyForDeploymentPostprocessing = 0;
		};
		23EEC7CC1BFE0FBA003ECA85 /* Frameworks */ = {
			isa = PBXFrameworksBuildPhase;
			buildActionMask = 2147483647;
			files = (
			);
			runOnlyForDeploymentPostprocessing = 0;
		};
/* End PBXFrameworksBuildPhase section */

/* Begin PBXGroup section */
		23C853E51C3EAB4B00E9332F /* SwiftUI */ = {
			isa = PBXGroup;
			children = (
				23C853E81C3EAC5800E9332F /* SwiftViewController.swift */,
				23C853E71C3EAC5800E9332F /* iOSTraining-Bridging-Header.h */,
			);
			name = SwiftUI;
			path = ..;
			sourceTree = "<group>";
		};
		23C853E61C3EAB7000E9332F /* Obj-CUI */ = {
			isa = PBXGroup;
			children = (
				23EEC7B41BFE0FBA003ECA85 /* ViewController.h */,
				23EEC7B51BFE0FBA003ECA85 /* ViewController.m */,
			);
			name = "Obj-CUI";
			sourceTree = "<group>";
		};
		23EEC7A21BFE0FBA003ECA85 = {
			isa = PBXGroup;
			children = (
				23EEC7AD1BFE0FBA003ECA85 /* iOSTraining */,
				23EEC7C71BFE0FBA003ECA85 /* iOSTrainingTests */,
				23EEC7D21BFE0FBA003ECA85 /* iOSTrainingUITests */,
				23EEC7AC1BFE0FBA003ECA85 /* Products */,
			);
			sourceTree = "<group>";
		};
		23EEC7AC1BFE0FBA003ECA85 /* Products */ = {
			isa = PBXGroup;
			children = (
				23EEC7AB1BFE0FBA003ECA85 /* iOSTraining.app */,
				23EEC7C41BFE0FBA003ECA85 /* iOSTrainingTests.xctest */,
				23EEC7CF1BFE0FBA003ECA85 /* iOSTrainingUITests.xctest */,
			);
			name = Products;
			sourceTree = "<group>";
		};
		23EEC7AD1BFE0FBA003ECA85 /* iOSTraining */ = {
			isa = PBXGroup;
			children = (
				23EEC7B11BFE0FBA003ECA85 /* AppDelegate.h */,
				23EEC7B21BFE0FBA003ECA85 /* AppDelegate.m */,
				23C853E61C3EAB7000E9332F /* Obj-CUI */,
				23EEC7B71BFE0FBA003ECA85 /* Main.storyboard */,
				23EEC7BA1BFE0FBA003ECA85 /* Assets.xcassets */,
				23EEC7BC1BFE0FBA003ECA85 /* LaunchScreen.storyboard */,
				23EEC7BF1BFE0FBA003ECA85 /* Info.plist */,
				23EEC7AE1BFE0FBA003ECA85 /* Supporting Files */,
				23C853E51C3EAB4B00E9332F /* SwiftUI */,
			);
			path = iOSTraining;
			sourceTree = "<group>";
		};
		23EEC7AE1BFE0FBA003ECA85 /* Supporting Files */ = {
			isa = PBXGroup;
			children = (
				23EEC7AF1BFE0FBA003ECA85 /* main.m */,
			);
			name = "Supporting Files";
			sourceTree = "<group>";
		};
		23EEC7C71BFE0FBA003ECA85 /* iOSTrainingTests */ = {
			isa = PBXGroup;
			children = (
				23EEC7C81BFE0FBA003ECA85 /* iOSTrainingTests.m */,
				23EEC7CA1BFE0FBA003ECA85 /* Info.plist */,
			);
			path = iOSTrainingTests;
			sourceTree = "<group>";
		};
		23EEC7D21BFE0FBA003ECA85 /* iOSTrainingUITests */ = {
			isa = PBXGroup;
			children = (
				23EEC7D31BFE0FBA003ECA85 /* iOSTrainingUITests.m */,
				23EEC7D51BFE0FBA003ECA85 /* Info.plist */,
			);
			path = iOSTrainingUITests;
			sourceTree = "<group>";
		};
/* End PBXGroup section */

/* Begin PBXNativeTarget section */
		23EEC7AA1BFE0FBA003ECA85 /* iOSTraining */ = {
			isa = PBXNativeTarget;
			buildConfigurationList = 23EEC7D81BFE0FBA003ECA85 /* Build configuration list for PBXNativeTarget "iOSTraining" */;
			buildPhases = (
				23EEC7A71BFE0FBA003ECA85 /* Sources */,
				23EEC7A81BFE0FBA003ECA85 /* Frameworks */,
				23EEC7A91BFE0FBA003ECA85 /* Resources */,
			);
			buildRules = (
			);
			dependencies = (
			);
			name = iOSTraining;
			productName = iOSTraining;
			productReference = 23EEC7AB1BFE0FBA003ECA85 /* iOSTraining.app */;
			productType = "com.apple.product-type.application";
		};
		23EEC7C31BFE0FBA003ECA85 /* iOSTrainingTests */ = {
			isa = PBXNativeTarget;
			buildConfigurationList = 23EEC7DB1BFE0FBA003ECA85 /* Build configuration list for PBXNativeTarget "iOSTrainingTests" */;
			buildPhases = (
				23EEC7C01BFE0FBA003ECA85 /* Sources */,
				23EEC7C11BFE0FBA003ECA85 /* Frameworks */,
				23EEC7C21BFE0FBA003ECA85 /* Resources */,
			);
			buildRules = (
			);
			dependencies = (
				23EEC7C61BFE0FBA003ECA85 /* PBXTargetDependency */,
			);
			name = iOSTrainingTests;
			productName = iOSTrainingTests;
			productReference = 23EEC7C41BFE0FBA003ECA85 /* iOSTrainingTests.xctest */;
			productType = "com.apple.product-type.bundle.unit-test";
		};
		23EEC7CE1BFE0FBA003ECA85 /* iOSTrainingUITests */ = {
			isa = PBXNativeTarget;
			buildConfigurationList = 23EEC7DE1BFE0FBA003ECA85 /* Build configuration list for PBXNativeTarget "iOSTrainingUITests" */;
			buildPhases = (
				23EEC7CB1BFE0FBA003ECA85 /* Sources */,
				23EEC7CC1BFE0FBA003ECA85 /* Frameworks */,
				23EEC7CD1BFE0FBA003ECA85 /* Resources */,
			);
			buildRules = (
			);
			dependencies = (
				23EEC7D11BFE0FBA003ECA85 /* PBXTargetDependency */,
			);
			name = iOSTrainingUITests;
			productName = iOSTrainingUITests;
			productReference = 23EEC7CF1BFE0FBA003ECA85 /* iOSTrainingUITests.xctest */;
			productType = "com.apple.product-type.bundle.ui-testing";
		};
/* End PBXNativeTarget section */

/* Begin PBXProject section */
		23EEC7A31BFE0FBA003ECA85 /* Project object */ = {
			isa = PBXProject;
			attributes = {
				LastSwiftUpdateCheck = 0720;
				LastUpgradeCheck = 0700;
				ORGANIZATIONNAME = "Joshua Skaroff";
				TargetAttributes = {
					23EEC7AA1BFE0FBA003ECA85 = {
						CreatedOnToolsVersion = 7.0;
					};
					23EEC7C31BFE0FBA003ECA85 = {
						CreatedOnToolsVersion = 7.0;
						TestTargetID = 23EEC7AA1BFE0FBA003ECA85;
					};
					23EEC7CE1BFE0FBA003ECA85 = {
						CreatedOnToolsVersion = 7.0;
						TestTargetID = 23EEC7AA1BFE0FBA003ECA85;
					};
				};
			};
			buildConfigurationList = 23EEC7A61BFE0FBA003ECA85 /* Build configuration list for PBXProject "iOSTraining" */;
			compatibilityVersion = "Xcode 3.2";
			developmentRegion = English;
			hasScannedForEncodings = 0;
			knownRegions = (
				en,
				Base,
			);
			mainGroup = 23EEC7A21BFE0FBA003ECA85;
			productRefGroup = 23EEC7AC1BFE0FBA003ECA85 /* Products */;
			projectDirPath = "";
			projectRoot = "";
			targets = (
				23EEC7AA1BFE0FBA003ECA85 /* iOSTraining */,
				23EEC7C31BFE0FBA003ECA85 /* iOSTrainingTests */,
				23EEC7CE1BFE0FBA003ECA85 /* iOSTrainingUITests */,
			);
		};
/* End PBXProject section */

/* Begin PBXResourcesBuildPhase section */
		23EEC7A91BFE0FBA003ECA85 /* Resources */ = {
			isa = PBXResourcesBuildPhase;
			buildActionMask = 2147483647;
			files = (
				23EEC7BE1BFE0FBA003ECA85 /* LaunchScreen.storyboard in Resources */,
				23EEC7BB1BFE0FBA003ECA85 /* Assets.xcassets in Resources */,
				23EEC7B91BFE0FBA003ECA85 /* Main.storyboard in Resources */,
			);
			runOnlyForDeploymentPostprocessing = 0;
		};
		23EEC7C21BFE0FBA003ECA85 /* Resources */ = {
			isa = PBXResourcesBuildPhase;
			buildActionMask = 2147483647;
			files = (
			);
			runOnlyForDeploymentPostprocessing = 0;
		};
		23EEC7CD1BFE0FBA003ECA85 /* Resources */ = {
			isa = PBXResourcesBuildPhase;
			buildActionMask = 2147483647;
			files = (
			);
			runOnlyForDeploymentPostprocessing = 0;
		};
/* End PBXResourcesBuildPhase section */

/* Begin PBXSourcesBuildPhase section */
		23EEC7A71BFE0FBA003ECA85 /* Sources */ = {
			isa = PBXSourcesBuildPhase;
			buildActionMask = 2147483647;
			files = (
				23C853E91C3EAC5800E9332F /* SwiftViewController.swift in Sources */,
				23EEC7B61BFE0FBA003ECA85 /* ViewController.m in Sources */,
				23EEC7B31BFE0FBA003ECA85 /* AppDelegate.m in Sources */,
				23EEC7B01BFE0FBA003ECA85 /* main.m in Sources */,
			);
			runOnlyForDeploymentPostprocessing = 0;
		};
		23EEC7C01BFE0FBA003ECA85 /* Sources */ = {
			isa = PBXSourcesBuildPhase;
			buildActionMask = 2147483647;
			files = (
				23EEC7C91BFE0FBA003ECA85 /* iOSTrainingTests.m in Sources */,
			);
			runOnlyForDeploymentPostprocessing = 0;
		};
		23EEC7CB1BFE0FBA003ECA85 /* Sources */ = {
			isa = PBXSourcesBuildPhase;
			buildActionMask = 2147483647;
			files = (
				23EEC7D41BFE0FBA003ECA85 /* iOSTrainingUITests.m in Sources */,
			);
			runOnlyForDeploymentPostprocessing = 0;
		};
/* End PBXSourcesBuildPhase section */

/* Begin PBXTargetDependency section */
		23EEC7C61BFE0FBA003ECA85 /* PBXTargetDependency */ = {
			isa = PBXTargetDependency;
			target = 23EEC7AA1BFE0FBA003ECA85 /* iOSTraining */;
			targetProxy = 23EEC7C51BFE0FBA003ECA85 /* PBXContainerItemProxy */;
		};
		23EEC7D11BFE0FBA003ECA85 /* PBXTargetDependency */ = {
			isa = PBXTargetDependency;
			target = 23EEC7AA1BFE0FBA003ECA85 /* iOSTraining */;
			targetProxy = 23EEC7D01BFE0FBA003ECA85 /* PBXContainerItemProxy */;
		};
/* End PBXTargetDependency section */

/* Begin PBXVariantGroup section */
		23EEC7B71BFE0FBA003ECA85 /* Main.storyboard */ = {
			isa = PBXVariantGroup;
			children = (
				23EEC7B81BFE0FBA003ECA85 /* Base */,
			);
			name = Main.storyboard;
			sourceTree = "<group>";
		};
		23EEC7BC1BFE0FBA003ECA85 /* LaunchScreen.storyboard */ = {
			isa = PBXVariantGroup;
			children = (
				23EEC7BD1BFE0FBA003ECA85 /* Base */,
			);
			name = LaunchScreen.storyboard;
			sourceTree = "<group>";
		};
/* End PBXVariantGroup section */

/* Begin XCBuildConfiguration section */
		23EEC7D61BFE0FBA003ECA85 /* Debug */ = {
			isa = XCBuildConfiguration;
			buildSettings = {
				ALWAYS_SEARCH_USER_PATHS = NO;
				CLANG_CXX_LANGUAGE_STANDARD = "gnu++0x";
				CLANG_CXX_LIBRARY = "libc++";
				CLANG_ENABLE_MODULES = YES;
				CLANG_ENABLE_OBJC_ARC = YES;
				CLANG_WARN_BOOL_CONVERSION = YES;
				CLANG_WARN_CONSTANT_CONVERSION = YES;
				CLANG_WARN_DIRECT_OBJC_ISA_USAGE = YES_ERROR;
				CLANG_WARN_EMPTY_BODY = YES;
				CLANG_WARN_ENUM_CONVERSION = YES;
				CLANG_WARN_INT_CONVERSION = YES;
				CLANG_WARN_OBJC_ROOT_CLASS = YES_ERROR;
				CLANG_WARN_UNREACHABLE_CODE = YES;
				CLANG_WARN__DUPLICATE_METHOD_MATCH = YES;
				"CODE_SIGN_IDENTITY[sdk=iphoneos*]" = "iPhone Developer";
				COPY_PHASE_STRIP = NO;
				DEBUG_INFORMATION_FORMAT = dwarf;
				ENABLE_STRICT_OBJC_MSGSEND = YES;
				ENABLE_TESTABILITY = YES;
				GCC_C_LANGUAGE_STANDARD = gnu99;
				GCC_DYNAMIC_NO_PIC = NO;
				GCC_NO_COMMON_BLOCKS = YES;
				GCC_OPTIMIZATION_LEVEL = 0;
				GCC_PREPROCESSOR_DEFINITIONS = (
					"DEBUG=1",
					"$(inherited)",
				);
				GCC_WARN_64_TO_32_BIT_CONVERSION = YES;
				GCC_WARN_ABOUT_RETURN_TYPE = YES_ERROR;
				GCC_WARN_UNDECLARED_SELECTOR = YES;
				GCC_WARN_UNINITIALIZED_AUTOS = YES_AGGRESSIVE;
				GCC_WARN_UNUSED_FUNCTION = YES;
				GCC_WARN_UNUSED_VARIABLE = YES;
				IPHONEOS_DEPLOYMENT_TARGET = 9.0;
				MTL_ENABLE_DEBUG_INFO = YES;
				ONLY_ACTIVE_ARCH = YES;
				SDKROOT = iphoneos;
				TARGETED_DEVICE_FAMILY = "1,2";
			};
			name = Debug;
		};
		23EEC7D71BFE0FBA003ECA85 /* Release */ = {
			isa = XCBuildConfiguration;
			buildSettings = {
				ALWAYS_SEARCH_USER_PATHS = NO;
				CLANG_CXX_LANGUAGE_STANDARD = "gnu++0x";
				CLANG_CXX_LIBRARY = "libc++";
				CLANG_ENABLE_MODULES = YES;
				CLANG_ENABLE_OBJC_ARC = YES;
				CLANG_WARN_BOOL_CONVERSION = YES;
				CLANG_WARN_CONSTANT_CONVERSION = YES;
				CLANG_WARN_DIRECT_OBJC_ISA_USAGE = YES_ERROR;
				CLANG_WARN_EMPTY_BODY = YES;
				CLANG_WARN_ENUM_CONVERSION = YES;
				CLANG_WARN_INT_CONVERSION = YES;
				CLANG_WARN_OBJC_ROOT_CLASS = YES_ERROR;
				CLANG_WARN_UNREACHABLE_CODE = YES;
				CLANG_WARN__DUPLICATE_METHOD_MATCH = YES;
				"CODE_SIGN_IDENTITY[sdk=iphoneos*]" = "iPhone Developer";
				COPY_PHASE_STRIP = NO;
				DEBUG_INFORMATION_FORMAT = "dwarf-with-dsym";
				ENABLE_NS_ASSERTIONS = NO;
				ENABLE_STRICT_OBJC_MSGSEND = YES;
				GCC_C_LANGUAGE_STANDARD = gnu99;
				GCC_NO_COMMON_BLOCKS = YES;
				GCC_WARN_64_TO_32_BIT_CONVERSION = YES;
				GCC_WARN_ABOUT_RETURN_TYPE = YES_ERROR;
				GCC_WARN_UNDECLARED_SELECTOR = YES;
				GCC_WARN_UNINITIALIZED_AUTOS = YES_AGGRESSIVE;
				GCC_WARN_UNUSED_FUNCTION = YES;
				GCC_WARN_UNUSED_VARIABLE = YES;
				IPHONEOS_DEPLOYMENT_TARGET = 9.0;
				MTL_ENABLE_DEBUG_INFO = NO;
				SDKROOT = iphoneos;
				TARGETED_DEVICE_FAMILY = "1,2";
				VALIDATE_PRODUCT = YES;
			};
			name = Release;
		};
		23EEC7D91BFE0FBA003ECA85 /* Debug */ = {
			isa = XCBuildConfiguration;
			buildSettings = {
				ASSETCATALOG_COMPILER_APPICON_NAME = AppIcon;
				CLANG_ENABLE_MODULES = YES;
				INFOPLIST_FILE = iOSTraining/Info.plist;
				LD_RUNPATH_SEARCH_PATHS = "$(inherited) @executable_path/Frameworks";
				PRODUCT_BUNDLE_IDENTIFIER = com.urbn.iOSTraining;
				PRODUCT_NAME = "$(TARGET_NAME)";
				SWIFT_OBJC_BRIDGING_HEADER = "iOSTraining-Bridging-Header.h";
				SWIFT_OPTIMIZATION_LEVEL = "-Onone";
			};
			name = Debug;
		};
		23EEC7DA1BFE0FBA003ECA85 /* Release */ = {
			isa = XCBuildConfiguration;
			buildSettings = {
				ASSETCATALOG_COMPILER_APPICON_NAME = AppIcon;
				CLANG_ENABLE_MODULES = YES;
				INFOPLIST_FILE = iOSTraining/Info.plist;
				LD_RUNPATH_SEARCH_PATHS = "$(inherited) @executable_path/Frameworks";
				PRODUCT_BUNDLE_IDENTIFIER = com.urbn.iOSTraining;
				PRODUCT_NAME = "$(TARGET_NAME)";
				SWIFT_OBJC_BRIDGING_HEADER = "iOSTraining-Bridging-Header.h";
			};
			name = Release;
		};
		23EEC7DC1BFE0FBA003ECA85 /* Debug */ = {
			isa = XCBuildConfiguration;
			buildSettings = {
				BUNDLE_LOADER = "$(TEST_HOST)";
				INFOPLIST_FILE = iOSTrainingTests/Info.plist;
				LD_RUNPATH_SEARCH_PATHS = "$(inherited) @executable_path/Frameworks @loader_path/Frameworks";
				PRODUCT_BUNDLE_IDENTIFIER = com.urbn.iOSTrainingTests;
				PRODUCT_NAME = "$(TARGET_NAME)";
				TEST_HOST = "$(BUILT_PRODUCTS_DIR)/iOSTraining.app/iOSTraining";
			};
			name = Debug;
		};
		23EEC7DD1BFE0FBA003ECA85 /* Release */ = {
			isa = XCBuildConfiguration;
			buildSettings = {
				BUNDLE_LOADER = "$(TEST_HOST)";
				INFOPLIST_FILE = iOSTrainingTests/Info.plist;
				LD_RUNPATH_SEARCH_PATHS = "$(inherited) @executable_path/Frameworks @loader_path/Frameworks";
				PRODUCT_BUNDLE_IDENTIFIER = com.urbn.iOSTrainingTests;
				PRODUCT_NAME = "$(TARGET_NAME)";
				TEST_HOST = "$(BUILT_PRODUCTS_DIR)/iOSTraining.app/iOSTraining";
			};
			name = Release;
		};
		23EEC7DF1BFE0FBA003ECA85 /* Debug */ = {
			isa = XCBuildConfiguration;
			buildSettings = {
				INFOPLIST_FILE = iOSTrainingUITests/Info.plist;
				LD_RUNPATH_SEARCH_PATHS = "$(inherited) @executable_path/Frameworks @loader_path/Frameworks";
				PRODUCT_BUNDLE_IDENTIFIER = com.urbn.iOSTrainingUITests;
				PRODUCT_NAME = "$(TARGET_NAME)";
				TEST_TARGET_NAME = iOSTraining;
				USES_XCTRUNNER = YES;
			};
			name = Debug;
		};
		23EEC7E01BFE0FBA003ECA85 /* Release */ = {
			isa = XCBuildConfiguration;
			buildSettings = {
				INFOPLIST_FILE = iOSTrainingUITests/Info.plist;
				LD_RUNPATH_SEARCH_PATHS = "$(inherited) @executable_path/Frameworks @loader_path/Frameworks";
				PRODUCT_BUNDLE_IDENTIFIER = com.urbn.iOSTrainingUITests;
				PRODUCT_NAME = "$(TARGET_NAME)";
				TEST_TARGET_NAME = iOSTraining;
				USES_XCTRUNNER = YES;
			};
			name = Release;
		};
/* End XCBuildConfiguration section */

/* Begin XCConfigurationList section */
		23EEC7A61BFE0FBA003ECA85 /* Build configuration list for PBXProject "iOSTraining" */ = {
			isa = XCConfigurationList;
			buildConfigurations = (
				23EEC7D61BFE0FBA003ECA85 /* Debug */,
				23EEC7D71BFE0FBA003ECA85 /* Release */,
			);
			defaultConfigurationIsVisible = 0;
			defaultConfigurationName = Release;
		};
		23EEC7D81BFE0FBA003ECA85 /* Build configuration list for PBXNativeTarget "iOSTraining" */ = {
			isa = XCConfigurationList;
			buildConfigurations = (
				23EEC7D91BFE0FBA003ECA85 /* Debug */,
				23EEC7DA1BFE0FBA003ECA85 /* Release */,
			);
			defaultConfigurationIsVisible = 0;
			defaultConfigurationName = Release;
		};
		23EEC7DB1BFE0FBA003ECA85 /* Build configuration list for PBXNativeTarget "iOSTrainingTests" */ = {
			isa = XCConfigurationList;
			buildConfigurations = (
				23EEC7DC1BFE0FBA003ECA85 /* Debug */,
				23EEC7DD1BFE0FBA003ECA85 /* Release */,
			);
			defaultConfigurationIsVisible = 0;
			defaultConfigurationName = Release;
		};
		23EEC7DE1BFE0FBA003ECA85 /* Build configuration list for PBXNativeTarget "iOSTrainingUITests" */ = {
			isa = XCConfigurationList;
			buildConfigurations = (
				23EEC7DF1BFE0FBA003ECA85 /* Debug */,
				23EEC7E01BFE0FBA003ECA85 /* Release */,
			);
			defaultConfigurationIsVisible = 0;
			defaultConfigurationName = Release;
		};
/* End XCConfigurationList section */
	};
	rootObject = 23EEC7A31BFE0FBA003ECA85 /* Project object */;
}
